
Microsoft Visual Studio Solution File, Format Version 12.00
# Visual Studio Version 16
VisualStudioVersion = 16.0.29102.190
MinimumVisualStudioVersion = 10.0.40219.1
Project("{FAE04EC0-301F-11D3-BF4B-00C04F79EFBC}") = "AFRICAN_FOOD.Android", "AFRICAN_FOOD\AFRICAN_FOOD.Android\AFRICAN_FOOD.Android.csproj", "{C843BB1A-B86B-4DB8-B52C-4F027E71C23F}"
EndProject
Project("{FAE04EC0-301F-11D3-BF4B-00C04F79EFBC}") = "AFRICAN_FOOD.iOS", "AFRICAN_FOOD\AFRICAN_FOOD.iOS\AFRICAN_FOOD.iOS.csproj", "{4A45EEAB-0C5F-4288-9552-E8736A921509}"
EndProject
Project("{FAE04EC0-301F-11D3-BF4B-00C04F79EFBC}") = "AFRICAN_FOOD", "AFRICAN_FOOD\AFRICAN_FOOD\AFRICAN_FOOD.csproj", "{8863CC20-DF59-4B83-A8E6-E7061FF41347}"
EndProject
Global
	GlobalSection(SolutionConfigurationPlatforms) = preSolution
		Debug|Any CPU = Debug|Any CPU
		Debug|iPhone = Debug|iPhone
		Debug|iPhoneSimulator = Debug|iPhoneSimulator
		Release|Any CPU = Release|Any CPU
		Release|iPhone = Release|iPhone
		Release|iPhoneSimulator = Release|iPhoneSimulator
	EndGlobalSection
	GlobalSection(ProjectConfigurationPlatforms) = postSolution
		{C843BB1A-B86B-4DB8-B52C-4F027E71C23F}.Debug|Any CPU.ActiveCfg = Debug|Any CPU
		{C843BB1A-B86B-4DB8-B52C-4F027E71C23F}.Debug|Any CPU.Build.0 = Debug|Any CPU
		{C843BB1A-B86B-4DB8-B52C-4F027E71C23F}.Debug|Any CPU.Deploy.0 = Debug|Any CPU
		{C843BB1A-B86B-4DB8-B52C-4F027E71C23F}.Debug|iPhone.ActiveCfg = Debug|Any CPU
		{C843BB1A-B86B-4DB8-B52C-4F027E71C23F}.Debug|iPhone.Build.0 = Debug|Any CPU
		{C843BB1A-B86B-4DB8-B52C-4F027E71C23F}.Debug|iPhone.Deploy.0 = Debug|Any CPU
		{C843BB1A-B86B-4DB8-B52C-4F027E71C23F}.Debug|iPhoneSimulator.ActiveCfg = Debug|Any CPU
		{C843BB1A-B86B-4DB8-B52C-4F027E71C23F}.Debug|iPhoneSimulator.Build.0 = Debug|Any CPU
		{C843BB1A-B86B-4DB8-B52C-4F027E71C23F}.Debug|iPhoneSimulator.Deploy.0 = Debug|Any CPU
		{C843BB1A-B86B-4DB8-B52C-4F027E71C23F}.Release|Any CPU.ActiveCfg = Release|Any CPU
		{C843BB1A-B86B-4DB8-B52C-4F027E71C23F}.Release|Any CPU.Build.0 = Release|Any CPU
		{C843BB1A-B86B-4DB8-B52C-4F027E71C23F}.Release|Any CPU.Deploy.0 = Release|Any CPU
		{C843BB1A-B86B-4DB8-B52C-4F027E71C23F}.Release|iPhone.ActiveCfg = Release|Any CPU
		{C843BB1A-B86B-4DB8-B52C-4F027E71C23F}.Release|iPhone.Build.0 = Release|Any CPU
		{C843BB1A-B86B-4DB8-B52C-4F027E71C23F}.Release|iPhone.Deploy.0 = Release|Any CPU
		{C843BB1A-B86B-4DB8-B52C-4F027E71C23F}.Release|iPhoneSimulator.ActiveCfg = Release|Any CPU
		{C843BB1A-B86B-4DB8-B52C-4F027E71C23F}.Release|iPhoneSimulator.Build.0 = Release|Any CPU
		{C843BB1A-B86B-4DB8-B52C-4F027E71C23F}.Release|iPhoneSimulator.Deploy.0 = Release|Any CPU
		{4A45EEAB-0C5F-4288-9552-E8736A921509}.Debug|Any CPU.ActiveCfg = Debug|iPhoneSimulator
		{4A45EEAB-0C5F-4288-9552-E8736A921509}.Debug|Any CPU.Build.0 = Debug|iPhoneSimulator
		{4A45EEAB-0C5F-4288-9552-E8736A921509}.Debug|Any CPU.Deploy.0 = Debug|iPhoneSimulator
		{4A45EEAB-0C5F-4288-9552-E8736A921509}.Debug|iPhone.ActiveCfg = Debug|iPhone
		{4A45EEAB-0C5F-4288-9552-E8736A921509}.Debug|iPhone.Build.0 = Debug|iPhone
		{4A45EEAB-0C5F-4288-9552-E8736A921509}.Debug|iPhone.Deploy.0 = Debug|iPhone
		{4A45EEAB-0C5F-4288-9552-E8736A921509}.Debug|iPhoneSimulator.ActiveCfg = Debug|iPhoneSimulator
		{4A45EEAB-0C5F-4288-9552-E8736A921509}.Debug|iPhoneSimulator.Build.0 = Debug|iPhoneSimulator
		{4A45EEAB-0C5F-4288-9552-E8736A921509}.Debug|iPhoneSimulator.Deploy.0 = Debug|iPhoneSimulator
		{4A45EEAB-0C5F-4288-9552-E8736A921509}.Release|Any CPU.ActiveCfg = Release|iPhone
		{4A45EEAB-0C5F-4288-9552-E8736A921509}.Release|Any CPU.Build.0 = Release|iPhone
		{4A45EEAB-0C5F-4288-9552-E8736A921509}.Release|Any CPU.Deploy.0 = Release|iPhone
		{4A45EEAB-0C5F-4288-9552-E8736A921509}.Release|iPhone.ActiveCfg = Release|iPhone
		{4A45EEAB-0C5F-4288-9552-E8736A921509}.Release|iPhone.Build.0 = Release|iPhone
		{4A45EEAB-0C5F-4288-9552-E8736A921509}.Release|iPhone.Deploy.0 = Release|iPhone
		{4A45EEAB-0C5F-4288-9552-E8736A921509}.Release|iPhoneSimulator.ActiveCfg = Release|iPhoneSimulator
		{4A45EEAB-0C5F-4288-9552-E8736A921509}.Release|iPhoneSimulator.Build.0 = Release|iPhoneSimulator
		{4A45EEAB-0C5F-4288-9552-E8736A921509}.Release|iPhoneSimulator.Deploy.0 = Release|iPhoneSimulator
		{8863CC20-DF59-4B83-A8E6-E7061FF41347}.Debug|Any CPU.ActiveCfg = Debug|Any CPU
		{8863CC20-DF59-4B83-A8E6-E7061FF41347}.Debug|Any CPU.Build.0 = Debug|Any CPU
		{8863CC20-DF59-4B83-A8E6-E7061FF41347}.Debug|Any CPU.Deploy.0 = Debug|Any CPU
		{8863CC20-DF59-4B83-A8E6-E7061FF41347}.Debug|iPhone.ActiveCfg = Debug|Any CPU
		{8863CC20-DF59-4B83-A8E6-E7061FF41347}.Debug|iPhone.Build.0 = Debug|Any CPU
		{8863CC20-DF59-4B83-A8E6-E7061FF41347}.Debug|iPhone.Deploy.0 = Debug|Any CPU
		{8863CC20-DF59-4B83-A8E6-E7061FF41347}.Debug|iPhoneSimulator.ActiveCfg = Debug|Any CPU
		{8863CC20-DF59-4B83-A8E6-E7061FF41347}.Debug|iPhoneSimulator.Build.0 = Debug|Any CPU
		{8863CC20-DF59-4B83-A8E6-E7061FF41347}.Debug|iPhoneSimulator.Deploy.0 = Debug|Any CPU
		{8863CC20-DF59-4B83-A8E6-E7061FF41347}.Release|Any CPU.ActiveCfg = Release|Any CPU
		{8863CC20-DF59-4B83-A8E6-E7061FF41347}.Release|Any CPU.Build.0 = Release|Any CPU
		{8863CC20-DF59-4B83-A8E6-E7061FF41347}.Release|Any CPU.Deploy.0 = Release|Any CPU
		{8863CC20-DF59-4B83-A8E6-E7061FF41347}.Release|iPhone.ActiveCfg = Release|Any CPU
		{8863CC20-DF59-4B83-A8E6-E7061FF41347}.Release|iPhone.Build.0 = Release|Any CPU
		{8863CC20-DF59-4B83-A8E6-E7061FF41347}.Release|iPhone.Deploy.0 = Release|Any CPU
		{8863CC20-DF59-4B83-A8E6-E7061FF41347}.Release|iPhoneSimulator.ActiveCfg = Release|Any CPU
		{8863CC20-DF59-4B83-A8E6-E7061FF41347}.Release|iPhoneSimulator.Build.0 = Release|Any CPU
		{8863CC20-DF59-4B83-A8E6-E7061FF41347}.Release|iPhoneSimulator.Deploy.0 = Release|Any CPU
	EndGlobalSection
	GlobalSection(SolutionProperties) = preSolution
		HideSolutionNode = FALSE
	EndGlobalSection
	GlobalSection(ExtensibilityGlobals) = postSolution
		SolutionGuid = {BA3C0925-4EBF-4A0D-BAB8-9361E0295BB7}
	EndGlobalSection
EndGlobal
